
Microsoft Visual Studio Solution File, Format Version 12.00
# Visual Studio Version 17
VisualStudioVersion = 17.5.33424.131
MinimumVisualStudioVersion = 10.0.40219.1
Project("{9A19103F-16F7-4668-BE54-9A1E7A4F7556}") = "ShopsRU.Application", "ShopsRU.Application\ShopsRU.Application.csproj", "{24A509DC-F07D-43C2-A333-D5D0625661A9}"
EndProject
Project("{9A19103F-16F7-4668-BE54-9A1E7A4F7556}") = "ShopsRU.Domain", "ShopsRU.Domain\ShopsRU.Domain.csproj", "{3CE8BAC0-8FF4-4F6B-9DA3-AEAB34B0ADD9}"
EndProject
Project("{9A19103F-16F7-4668-BE54-9A1E7A4F7556}") = "ShopsRU.Persistence", "ShopsRU.Persistence\ShopsRU.Persistence.csproj", "{308C4B0D-939A-4A12-962B-74FF259FE6A6}"
EndProject
Project("{9A19103F-16F7-4668-BE54-9A1E7A4F7556}") = "ShopsRU.Infrastructure", "ShopsRU.Infrastructure\ShopsRU.Infrastructure.csproj", "{EA898ED3-D8F5-4DEF-BE34-80F3C937D3D3}"
EndProject
Project("{9A19103F-16F7-4668-BE54-9A1E7A4F7556}") = "ShopsRU.Host", "ShopsRU.Host\ShopsRU.Host.csproj", "{7BF38733-86F6-41F9-AC7E-0FE464E491F6}"
EndProject
Project("{9A19103F-16F7-4668-BE54-9A1E7A4F7556}") = "ShopsRU.Tests", "ShopsRU.Tests\ShopsRU.Tests.csproj", "{C790441E-CFC7-4B84-9265-68B2CBCD13DD}"
EndProject
Project("{2150E333-8FDC-42A3-9474-1A3956D46DE8}") = "Solution Items", "Solution Items", "{0973DF04-7617-4740-BBE3-0DF9A6E8B4CF}"
	ProjectSection(SolutionItems) = preProject
		DevStep.txt = DevStep.txt
	EndProjectSection
EndProject
Global
	GlobalSection(SolutionConfigurationPlatforms) = preSolution
		Debug|Any CPU = Debug|Any CPU
		Release|Any CPU = Release|Any CPU
	EndGlobalSection
	GlobalSection(ProjectConfigurationPlatforms) = postSolution
		{24A509DC-F07D-43C2-A333-D5D0625661A9}.Debug|Any CPU.ActiveCfg = Debug|Any CPU
		{24A509DC-F07D-43C2-A333-D5D0625661A9}.Debug|Any CPU.Build.0 = Debug|Any CPU
		{24A509DC-F07D-43C2-A333-D5D0625661A9}.Release|Any CPU.ActiveCfg = Release|Any CPU
		{24A509DC-F07D-43C2-A333-D5D0625661A9}.Release|Any CPU.Build.0 = Release|Any CPU
		{3CE8BAC0-8FF4-4F6B-9DA3-AEAB34B0ADD9}.Debug|Any CPU.ActiveCfg = Debug|Any CPU
		{3CE8BAC0-8FF4-4F6B-9DA3-AEAB34B0ADD9}.Debug|Any CPU.Build.0 = Debug|Any CPU
		{3CE8BAC0-8FF4-4F6B-9DA3-AEAB34B0ADD9}.Release|Any CPU.ActiveCfg = Release|Any CPU
		{3CE8BAC0-8FF4-4F6B-9DA3-AEAB34B0ADD9}.Release|Any CPU.Build.0 = Release|Any CPU
		{308C4B0D-939A-4A12-962B-74FF259FE6A6}.Debug|Any CPU.ActiveCfg = Debug|Any CPU
		{308C4B0D-939A-4A12-962B-74FF259FE6A6}.Debug|Any CPU.Build.0 = Debug|Any CPU
		{308C4B0D-939A-4A12-962B-74FF259FE6A6}.Release|Any CPU.ActiveCfg = Release|Any CPU
		{308C4B0D-939A-4A12-962B-74FF259FE6A6}.Release|Any CPU.Build.0 = Release|Any CPU
		{EA898ED3-D8F5-4DEF-BE34-80F3C937D3D3}.Debug|Any CPU.ActiveCfg = Debug|Any CPU
		{EA898ED3-D8F5-4DEF-BE34-80F3C937D3D3}.Debug|Any CPU.Build.0 = Debug|Any CPU
		{EA898ED3-D8F5-4DEF-BE34-80F3C937D3D3}.Release|Any CPU.ActiveCfg = Release|Any CPU
		{EA898ED3-D8F5-4DEF-BE34-80F3C937D3D3}.Release|Any CPU.Build.0 = Release|Any CPU
		{7BF38733-86F6-41F9-AC7E-0FE464E491F6}.Debug|Any CPU.ActiveCfg = Debug|Any CPU
		{7BF38733-86F6-41F9-AC7E-0FE464E491F6}.Debug|Any CPU.Build.0 = Debug|Any CPU
		{7BF38733-86F6-41F9-AC7E-0FE464E491F6}.Release|Any CPU.ActiveCfg = Release|Any CPU
		{7BF38733-86F6-41F9-AC7E-0FE464E491F6}.Release|Any CPU.Build.0 = Release|Any CPU
		{C790441E-CFC7-4B84-9265-68B2CBCD13DD}.Debug|Any CPU.ActiveCfg = Debug|Any CPU
		{C790441E-CFC7-4B84-9265-68B2CBCD13DD}.Debug|Any CPU.Build.0 = Debug|Any CPU
		{C790441E-CFC7-4B84-9265-68B2CBCD13DD}.Release|Any CPU.ActiveCfg = Release|Any CPU
		{C790441E-CFC7-4B84-9265-68B2CBCD13DD}.Release|Any CPU.Build.0 = Release|Any CPU
	EndGlobalSection
	GlobalSection(SolutionProperties) = preSolution
		HideSolutionNode = FALSE
	EndGlobalSection
	GlobalSection(ExtensibilityGlobals) = postSolution
		SolutionGuid = {10DE22C6-11CA-4B6D-A6DE-884376C9DA59}
	EndGlobalSection
EndGlobal
